
Microsoft Visual Studio Solution File, Format Version 12.00
Project("{FAE04EC0-301F-11D3-BF4B-00C04F79EFBC}") = "KolokwiumCodeFirst", "KolokwiumCodeFirst\KolokwiumCodeFirst.csproj", "{A7555097-173A-499E-A5E7-C529EEA62F02}"
EndProject
Global
	GlobalSection(SolutionConfigurationPlatforms) = preSolution
		Debug|Any CPU = Debug|Any CPU
		Release|Any CPU = Release|Any CPU
	EndGlobalSection
	GlobalSection(ProjectConfigurationPlatforms) = postSolution
		{A7555097-173A-499E-A5E7-C529EEA62F02}.Debug|Any CPU.ActiveCfg = Debug|Any CPU
		{A7555097-173A-499E-A5E7-C529EEA62F02}.Debug|Any CPU.Build.0 = Debug|Any CPU
		{A7555097-173A-499E-A5E7-C529EEA62F02}.Release|Any CPU.ActiveCfg = Release|Any CPU
		{A7555097-173A-499E-A5E7-C529EEA62F02}.Release|Any CPU.Build.0 = Release|Any CPU
	EndGlobalSection
EndGlobal
